
Microsoft Visual Studio Solution File, Format Version 12.00
# Visual Studio Version 17
VisualStudioVersion = 17.6.33723.286
MinimumVisualStudioVersion = 10.0.40219.1
Project("{9A19103F-16F7-4668-BE54-9A1E7A4F7556}") = "IronOcrDemo", "IronOcrDemo\IronOcrDemo.csproj", "{46369CEC-EB54-4D53-AC0F-036ED075FECC}"
EndProject
Global
	GlobalSection(SolutionConfigurationPlatforms) = preSolution
		Debug|Any CPU = Debug|Any CPU
		Release|Any CPU = Release|Any CPU
	EndGlobalSection
	GlobalSection(ProjectConfigurationPlatforms) = postSolution
		{46369CEC-EB54-4D53-AC0F-036ED075FECC}.Debug|Any CPU.ActiveCfg = Debug|Any CPU
		{46369CEC-EB54-4D53-AC0F-036ED075FECC}.Debug|Any CPU.Build.0 = Debug|Any CPU
		{46369CEC-EB54-4D53-AC0F-036ED075FECC}.Release|Any CPU.ActiveCfg = Release|Any CPU
		{46369CEC-EB54-4D53-AC0F-036ED075FECC}.Release|Any CPU.Build.0 = Release|Any CPU
	EndGlobalSection
	GlobalSection(SolutionProperties) = preSolution
		HideSolutionNode = FALSE
	EndGlobalSection
	GlobalSection(ExtensibilityGlobals) = postSolution
		SolutionGuid = {92805EF1-28C4-4364-9571-7B5271C16698}
	EndGlobalSection
EndGlobal
